
Microsoft Visual Studio Solution File, Format Version 12.00
# Visual Studio Version 16
VisualStudioVersion = 16.0.33328.57
MinimumVisualStudioVersion = 10.0.40219.1
Project("{FAE04EC0-301F-11D3-BF4B-00C04F79EFBC}") = "Lab06task06", "Lab06task06.csproj", "{9866BB2D-CDE6-4427-ADC5-B29652EF0264}"
EndProject
Global
	GlobalSection(SolutionConfigurationPlatforms) = preSolution
		Debug|Any CPU = Debug|Any CPU
		Release|Any CPU = Release|Any CPU
	EndGlobalSection
	GlobalSection(ProjectConfigurationPlatforms) = postSolution
		{9866BB2D-CDE6-4427-ADC5-B29652EF0264}.Debug|Any CPU.ActiveCfg = Debug|Any CPU
		{9866BB2D-CDE6-4427-ADC5-B29652EF0264}.Debug|Any CPU.Build.0 = Debug|Any CPU
		{9866BB2D-CDE6-4427-ADC5-B29652EF0264}.Release|Any CPU.ActiveCfg = Release|Any CPU
		{9866BB2D-CDE6-4427-ADC5-B29652EF0264}.Release|Any CPU.Build.0 = Release|Any CPU
	EndGlobalSection
	GlobalSection(SolutionProperties) = preSolution
		HideSolutionNode = FALSE
	EndGlobalSection
	GlobalSection(ExtensibilityGlobals) = postSolution
		SolutionGuid = {7AB9CC03-6014-4FBA-A0DA-2FC591AB0C03}
	EndGlobalSection
EndGlobal
